# Generated by pub
# See https://dart.dev/tools/pub/glossary#lockfile
packages:
  logging:
    dependency: "direct main"
    description:
      name: logging
      sha256: "623a88c9594aa774443aa3eb2d41807a48486b5613e67599fb4c41c0ad47c340"
      url: "https://pub.dev"
    source: hosted
    version: "1.2.0"
  pro_lints:
    dependency: "direct dev"
    description:
      name: pro_lints
      sha256: f50a5ef144d1bbce2bcbab66136a61e20c7b426ecdcf4762876a8a799bf3033f
      url: "https://pub.dev"
    source: hosted
    version: "2.0.1"
sdks:
  dart: ">=3.0.0 <4.0.0"
