# Generated by pub
# See https://dart.dev/tools/pub/glossary#lockfile
packages:
  lint:
    dependency: "direct dev"
    description:
      path: "."
      ref: HEAD
      resolved-ref: "41b64ec3bb748ec3b0fff7dba1ec31c5ee2db5fc"
      url: "https://github.com/pro100andrey/lint.git"
    source: git
    version: "1.0.1"
  logging:
    dependency: "direct main"
    description:
      name: logging
      url: "https://pub.dartlang.org"
    source: hosted
    version: "1.1.0"
sdks:
  dart: ">=2.18.0 <3.0.0"
